{
  "pins" : [
    {
      "identity" : "wwnetworking",
      "kind" : "remoteSourceControl",
      "location" : "https://github.com/William-Weng/WWNetworking.git",
      "state" : {
        "revision" : "141032e2894b6b25fabfbaef97e96363a2027f33",
        "version" : "1.8.0"
      }
    }
  ],
  "version" : 2
}
